
Microsoft Visual Studio Solution File, Format Version 12.00
# Visual Studio 15
VisualStudioVersion = 15.0.27703.2042
MinimumVisualStudioVersion = 10.0.40219.1
Project("{2150E333-8FDC-42A3-9474-1A3956D46DE8}") = "Solution Items", "Solution Items", "{FAC635CD-1FAB-44D5-BD67-FAD4495F2BEA}"
	ProjectSection(SolutionItems) = preProject
		.editorconfig = .editorconfig
	EndProjectSection
EndProject
Project("{2150E333-8FDC-42A3-9474-1A3956D46DE8}") = "src", "src", "{94C9F64E-5AEA-40E7-81A5-CEECF273A8FB}"
EndProject
Project("{FAE04EC0-301F-11D3-BF4B-00C04F79EFBC}") = "CoreUi.Mvc", "src\CoreUi.Mvc\CoreUi.Mvc.csproj", "{3774C5D9-1F25-49E3-BE1A-44D31222AE27}"
EndProject
Global
	GlobalSection(SolutionConfigurationPlatforms) = preSolution
		Debug|Any CPU = Debug|Any CPU
		Release|Any CPU = Release|Any CPU
	EndGlobalSection
	GlobalSection(ProjectConfigurationPlatforms) = postSolution
		{3774C5D9-1F25-49E3-BE1A-44D31222AE27}.Debug|Any CPU.ActiveCfg = Debug|Any CPU
		{3774C5D9-1F25-49E3-BE1A-44D31222AE27}.Debug|Any CPU.Build.0 = Debug|Any CPU
		{3774C5D9-1F25-49E3-BE1A-44D31222AE27}.Release|Any CPU.ActiveCfg = Release|Any CPU
		{3774C5D9-1F25-49E3-BE1A-44D31222AE27}.Release|Any CPU.Build.0 = Release|Any CPU
	EndGlobalSection
	GlobalSection(SolutionProperties) = preSolution
		HideSolutionNode = FALSE
	EndGlobalSection
	GlobalSection(ExtensibilityGlobals) = postSolution
		SolutionGuid = {5FBD819F-9E88-49C5-B070-639EB543AC06}
	EndGlobalSection
EndGlobal
